
Microsoft Visual Studio Solution File, Format Version 12.00
# Visual Studio Version 17
VisualStudioVersion = 17.8.34511.84
MinimumVisualStudioVersion = 10.0.40219.1
Project("{FAE04EC0-301F-11D3-BF4B-00C04F79EFBC}") = "UltrakillSaveEditor", "UltrakillSaveEditor\UltrakillSaveEditor.csproj", "{3BDB496B-E8EC-4368-A260-5730320D6167}"
EndProject
Global
	GlobalSection(SolutionConfigurationPlatforms) = preSolution
		Debug|Any CPU = Debug|Any CPU
		Release|Any CPU = Release|Any CPU
	EndGlobalSection
	GlobalSection(ProjectConfigurationPlatforms) = postSolution
		{3BDB496B-E8EC-4368-A260-5730320D6167}.Debug|Any CPU.ActiveCfg = Debug|Any CPU
		{3BDB496B-E8EC-4368-A260-5730320D6167}.Debug|Any CPU.Build.0 = Debug|Any CPU
		{3BDB496B-E8EC-4368-A260-5730320D6167}.Release|Any CPU.ActiveCfg = Release|Any CPU
		{3BDB496B-E8EC-4368-A260-5730320D6167}.Release|Any CPU.Build.0 = Release|Any CPU
	EndGlobalSection
	GlobalSection(SolutionProperties) = preSolution
		HideSolutionNode = FALSE
	EndGlobalSection
	GlobalSection(ExtensibilityGlobals) = postSolution
		SolutionGuid = {869847E0-9ADC-4E67-BB88-18D4CFD37771}
	EndGlobalSection
EndGlobal
